// !$*UTF8*$!
{
	archiveVersion = 1;
	classes = {
	};
	objectVersion = 56;
	objects = {

/* Begin PBXBuildFile section */
		3A54AFED29B5BCE800735AF5 /* FeedViewController.swift in Sources */ = {isa = PBXBuildFile; fileRef = 3A54AFEC29B5BCE800735AF5 /* FeedViewController.swift */; };
		3A82147829B07E1D00D1D9CB /* AppDelegate.swift in Sources */ = {isa = PBXBuildFile; fileRef = 3A82147729B07E1D00D1D9CB /* AppDelegate.swift */; };
		3A82147A29B07E1D00D1D9CB /* SceneDelegate.swift in Sources */ = {isa = PBXBuildFile; fileRef = 3A82147929B07E1D00D1D9CB /* SceneDelegate.swift */; };
		3A82147C29B07E1D00D1D9CB /* ViewController.swift in Sources */ = {isa = PBXBuildFile; fileRef = 3A82147B29B07E1D00D1D9CB /* ViewController.swift */; };
		3A82147F29B07E1D00D1D9CB /* Main.storyboard in Resources */ = {isa = PBXBuildFile; fileRef = 3A82147D29B07E1D00D1D9CB /* Main.storyboard */; };
		3A82148129B07E1E00D1D9CB /* Assets.xcassets in Resources */ = {isa = PBXBuildFile; fileRef = 3A82148029B07E1E00D1D9CB /* Assets.xcassets */; };
		3A82148429B07E1E00D1D9CB /* LaunchScreen.storyboard in Resources */ = {isa = PBXBuildFile; fileRef = 3A82148229B07E1E00D1D9CB /* LaunchScreen.storyboard */; };
		3A8B2FF629B1EC5600F1B5FC /* iCarousel.m in Sources */ = {isa = PBXBuildFile; fileRef = 3A8B2FF429B1EC5600F1B5FC /* iCarousel.m */; };
		3A8B2FFC29B2033700F1B5FC /* MyCollectionViewCell.swift in Sources */ = {isa = PBXBuildFile; fileRef = 3A8B2FFB29B2033700F1B5FC /* MyCollectionViewCell.swift */; };
		3A8B2FFE29B2044F00F1B5FC /* SampleViewController.swift in Sources */ = {isa = PBXBuildFile; fileRef = 3A8B2FFD29B2044F00F1B5FC /* SampleViewController.swift */; };
/* End PBXBuildFile section */

/* Begin PBXFileReference section */
		3A54AFEC29B5BCE800735AF5 /* FeedViewController.swift */ = {isa = PBXFileReference; lastKnownFileType = sourcecode.swift; path = FeedViewController.swift; sourceTree = "<group>"; };
		3A82147429B07E1D00D1D9CB /* Treko-New.app */ = {isa = PBXFileReference; explicitFileType = wrapper.application; includeInIndex = 0; path = "Treko-New.app"; sourceTree = BUILT_PRODUCTS_DIR; };
		3A82147729B07E1D00D1D9CB /* AppDelegate.swift */ = {isa = PBXFileReference; lastKnownFileType = sourcecode.swift; path = AppDelegate.swift; sourceTree = "<group>"; };
		3A82147929B07E1D00D1D9CB /* SceneDelegate.swift */ = {isa = PBXFileReference; lastKnownFileType = sourcecode.swift; path = SceneDelegate.swift; sourceTree = "<group>"; };
		3A82147B29B07E1D00D1D9CB /* ViewController.swift */ = {isa = PBXFileReference; lastKnownFileType = sourcecode.swift; path = ViewController.swift; sourceTree = "<group>"; };
		3A82147E29B07E1D00D1D9CB /* Base */ = {isa = PBXFileReference; lastKnownFileType = file.storyboard; name = Base; path = Base.lproj/Main.storyboard; sourceTree = "<group>"; };
		3A82148029B07E1E00D1D9CB /* Assets.xcassets */ = {isa = PBXFileReference; lastKnownFileType = folder.assetcatalog; path = Assets.xcassets; sourceTree = "<group>"; };
		3A82148329B07E1E00D1D9CB /* Base */ = {isa = PBXFileReference; lastKnownFileType = file.storyboard; name = Base; path = Base.lproj/LaunchScreen.storyboard; sourceTree = "<group>"; };
		3A82148529B07E1E00D1D9CB /* Info.plist */ = {isa = PBXFileReference; lastKnownFileType = text.plist.xml; path = Info.plist; sourceTree = "<group>"; };
		3A8B2FF329B1EC5600F1B5FC /* Treko-New-Bridging-Header.h */ = {isa = PBXFileReference; lastKnownFileType = sourcecode.c.h; path = "Treko-New-Bridging-Header.h"; sourceTree = "<group>"; };
		3A8B2FF429B1EC5600F1B5FC /* iCarousel.m */ = {isa = PBXFileReference; fileEncoding = 4; lastKnownFileType = sourcecode.c.objc; path = iCarousel.m; sourceTree = "<group>"; };
		3A8B2FF529B1EC5600F1B5FC /* iCarousel.h */ = {isa = PBXFileReference; fileEncoding = 4; lastKnownFileType = sourcecode.c.h; path = iCarousel.h; sourceTree = "<group>"; };
		3A8B2FFB29B2033700F1B5FC /* MyCollectionViewCell.swift */ = {isa = PBXFileReference; lastKnownFileType = sourcecode.swift; path = MyCollectionViewCell.swift; sourceTree = "<group>"; };
		3A8B2FFD29B2044F00F1B5FC /* SampleViewController.swift */ = {isa = PBXFileReference; lastKnownFileType = sourcecode.swift; path = SampleViewController.swift; sourceTree = "<group>"; };
/* End PBXFileReference section */

/* Begin PBXFrameworksBuildPhase section */
		3A82147129B07E1D00D1D9CB /* Frameworks */ = {
			isa = PBXFrameworksBuildPhase;
			buildActionMask = 2147483647;
			files = (
			);
			runOnlyForDeploymentPostprocessing = 0;
		};
/* End PBXFrameworksBuildPhase section */

/* Begin PBXGroup section */
		3A82146B29B07E1D00D1D9CB = {
			isa = PBXGroup;
			children = (
				3A54AFEC29B5BCE800735AF5 /* FeedViewController.swift */,
				3A82147629B07E1D00D1D9CB /* Treko-New */,
				3A82147529B07E1D00D1D9CB /* Products */,
			);
			sourceTree = "<group>";
		};
		3A82147529B07E1D00D1D9CB /* Products */ = {
			isa = PBXGroup;
			children = (
				3A82147429B07E1D00D1D9CB /* Treko-New.app */,
			);
			name = Products;
			sourceTree = "<group>";
		};
		3A82147629B07E1D00D1D9CB /* Treko-New */ = {
			isa = PBXGroup;
			children = (
				3A82147729B07E1D00D1D9CB /* AppDelegate.swift */,
				3A82147929B07E1D00D1D9CB /* SceneDelegate.swift */,
				3A82147B29B07E1D00D1D9CB /* ViewController.swift */,
				3A82147D29B07E1D00D1D9CB /* Main.storyboard */,
				3A8B2FFB29B2033700F1B5FC /* MyCollectionViewCell.swift */,
				3A8B2FFD29B2044F00F1B5FC /* SampleViewController.swift */,
				3A82148029B07E1E00D1D9CB /* Assets.xcassets */,
				3A82148229B07E1E00D1D9CB /* LaunchScreen.storyboard */,
				3A82148529B07E1E00D1D9CB /* Info.plist */,
				3A8B2FF529B1EC5600F1B5FC /* iCarousel.h */,
				3A8B2FF429B1EC5600F1B5FC /* iCarousel.m */,
				3A8B2FF329B1EC5600F1B5FC /* Treko-New-Bridging-Header.h */,
			);
			path = "Treko-New";
			sourceTree = "<group>";
		};
/* End PBXGroup section */

/* Begin PBXNativeTarget section */
		3A82147329B07E1D00D1D9CB /* Treko-New */ = {
			isa = PBXNativeTarget;
			buildConfigurationList = 3A82148829B07E1E00D1D9CB /* Build configuration list for PBXNativeTarget "Treko-New" */;
			buildPhases = (
				3A82147029B07E1D00D1D9CB /* Sources */,
				3A82147129B07E1D00D1D9CB /* Frameworks */,
				3A82147229B07E1D00D1D9CB /* Resources */,
			);
			buildRules = (
			);
			dependencies = (
			);
			name = "Treko-New";
			productName = "Treko-New";
			productReference = 3A82147429B07E1D00D1D9CB /* Treko-New.app */;
			productType = "com.apple.product-type.application";
		};
/* End PBXNativeTarget section */

/* Begin PBXProject section */
		3A82146C29B07E1D00D1D9CB /* Project object */ = {
			isa = PBXProject;
			attributes = {
				BuildIndependentTargetsInParallel = 1;
				LastSwiftUpdateCheck = 1420;
				LastUpgradeCheck = 1420;
				TargetAttributes = {
					3A82147329B07E1D00D1D9CB = {
						CreatedOnToolsVersion = 14.2;
						LastSwiftMigration = 1420;
					};
				};
			};
			buildConfigurationList = 3A82146F29B07E1D00D1D9CB /* Build configuration list for PBXProject "Treko-New" */;
			compatibilityVersion = "Xcode 14.0";
			developmentRegion = en;
			hasScannedForEncodings = 0;
			knownRegions = (
				en,
				Base,
			);
			mainGroup = 3A82146B29B07E1D00D1D9CB;
			productRefGroup = 3A82147529B07E1D00D1D9CB /* Products */;
			projectDirPath = "";
			projectRoot = "";
			targets = (
				3A82147329B07E1D00D1D9CB /* Treko-New */,
			);
		};
/* End PBXProject section */

/* Begin PBXResourcesBuildPhase section */
		3A82147229B07E1D00D1D9CB /* Resources */ = {
			isa = PBXResourcesBuildPhase;
			buildActionMask = 2147483647;
			files = (
				3A82148429B07E1E00D1D9CB /* LaunchScreen.storyboard in Resources */,
				3A82148129B07E1E00D1D9CB /* Assets.xcassets in Resources */,
				3A82147F29B07E1D00D1D9CB /* Main.storyboard in Resources */,
			);
			runOnlyForDeploymentPostprocessing = 0;
		};
/* End PBXResourcesBuildPhase section */

/* Begin PBXSourcesBuildPhase section */
		3A82147029B07E1D00D1D9CB /* Sources */ = {
			isa = PBXSourcesBuildPhase;
			buildActionMask = 2147483647;
			files = (
				3A82147C29B07E1D00D1D9CB /* ViewController.swift in Sources */,
				3A8B2FFC29B2033700F1B5FC /* MyCollectionViewCell.swift in Sources */,
				3A8B2FFE29B2044F00F1B5FC /* SampleViewController.swift in Sources */,
				3A8B2FF629B1EC5600F1B5FC /* iCarousel.m in Sources */,
				3A82147829B07E1D00D1D9CB /* AppDelegate.swift in Sources */,
				3A82147A29B07E1D00D1D9CB /* SceneDelegate.swift in Sources */,
				3A54AFED29B5BCE800735AF5 /* FeedViewController.swift in Sources */,
			);
			runOnlyForDeploymentPostprocessing = 0;
		};
/* End PBXSourcesBuildPhase section */

/* Begin PBXVariantGroup section */
		3A82147D29B07E1D00D1D9CB /* Main.storyboard */ = {
			isa = PBXVariantGroup;
			children = (
				3A82147E29B07E1D00D1D9CB /* Base */,
			);
			name = Main.storyboard;
			sourceTree = "<group>";
		};
		3A82148229B07E1E00D1D9CB /* LaunchScreen.storyboard */ = {
			isa = PBXVariantGroup;
			children = (
				3A82148329B07E1E00D1D9CB /* Base */,
			);
			name = LaunchScreen.storyboard;
			sourceTree = "<group>";
		};
/* End PBXVariantGroup section */

/* Begin XCBuildConfiguration section */
		3A82148629B07E1E00D1D9CB /* Debug */ = {
			isa = XCBuildConfiguration;
			buildSettings = {
				ALWAYS_SEARCH_USER_PATHS = NO;
				CLANG_ANALYZER_NONNULL = YES;
				CLANG_ANALYZER_NUMBER_OBJECT_CONVERSION = YES_AGGRESSIVE;
				CLANG_CXX_LANGUAGE_STANDARD = "gnu++20";
				CLANG_ENABLE_MODULES = YES;
				CLANG_ENABLE_OBJC_ARC = YES;
				CLANG_ENABLE_OBJC_WEAK = YES;
				CLANG_WARN_BLOCK_CAPTURE_AUTORELEASING = YES;
				CLANG_WARN_BOOL_CONVERSION = YES;
				CLANG_WARN_COMMA = YES;
				CLANG_WARN_CONSTANT_CONVERSION = YES;
				CLANG_WARN_DEPRECATED_OBJC_IMPLEMENTATIONS = YES;
				CLANG_WARN_DIRECT_OBJC_ISA_USAGE = YES_ERROR;
				CLANG_WARN_DOCUMENTATION_COMMENTS = YES;
				CLANG_WARN_EMPTY_BODY = YES;
				CLANG_WARN_ENUM_CONVERSION = YES;
				CLANG_WARN_INFINITE_RECURSION = YES;
				CLANG_WARN_INT_CONVERSION = YES;
				CLANG_WARN_NON_LITERAL_NULL_CONVERSION = YES;
				CLANG_WARN_OBJC_IMPLICIT_RETAIN_SELF = YES;
				CLANG_WARN_OBJC_LITERAL_CONVERSION = YES;
				CLANG_WARN_OBJC_ROOT_CLASS = YES_ERROR;
				CLANG_WARN_QUOTED_INCLUDE_IN_FRAMEWORK_HEADER = YES;
				CLANG_WARN_RANGE_LOOP_ANALYSIS = YES;
				CLANG_WARN_STRICT_PROTOTYPES = YES;
				CLANG_WARN_SUSPICIOUS_MOVE = YES;
				CLANG_WARN_UNGUARDED_AVAILABILITY = YES_AGGRESSIVE;
				CLANG_WARN_UNREACHABLE_CODE = YES;
				CLANG_WARN__DUPLICATE_METHOD_MATCH = YES;
				COPY_PHASE_STRIP = NO;
				DEBUG_INFORMATION_FORMAT = dwarf;
				ENABLE_STRICT_OBJC_MSGSEND = YES;
				ENABLE_TESTABILITY = YES;
				GCC_C_LANGUAGE_STANDARD = gnu11;
				GCC_DYNAMIC_NO_PIC = NO;
				GCC_NO_COMMON_BLOCKS = YES;
				GCC_OPTIMIZATION_LEVEL = 0;
				GCC_PREPROCESSOR_DEFINITIONS = (
					"DEBUG=1",
					"$(inherited)",
				);
				GCC_WARN_64_TO_32_BIT_CONVERSION = YES;
				GCC_WARN_ABOUT_RETURN_TYPE = YES_ERROR;
				GCC_WARN_UNDECLARED_SELECTOR = YES;
				GCC_WARN_UNINITIALIZED_AUTOS = YES_AGGRESSIVE;
				GCC_WARN_UNUSED_FUNCTION = YES;
				GCC_WARN_UNUSED_VARIABLE = YES;
				IPHONEOS_DEPLOYMENT_TARGET = 16.2;
				MTL_ENABLE_DEBUG_INFO = INCLUDE_SOURCE;
				MTL_FAST_MATH = YES;
				ONLY_ACTIVE_ARCH = YES;
				SDKROOT = iphoneos;
				SWIFT_ACTIVE_COMPILATION_CONDITIONS = DEBUG;
				SWIFT_OPTIMIZATION_LEVEL = "-Onone";
			};
			name = Debug;
		};
		3A82148729B07E1E00D1D9CB /* Release */ = {
			isa = XCBuildConfiguration;
			buildSettings = {
				ALWAYS_SEARCH_USER_PATHS = NO;
				CLANG_ANALYZER_NONNULL = YES;
				CLANG_ANALYZER_NUMBER_OBJECT_CONVERSION = YES_AGGRESSIVE;
				CLANG_CXX_LANGUAGE_STANDARD = "gnu++20";
				CLANG_ENABLE_MODULES = YES;
				CLANG_ENABLE_OBJC_ARC = YES;
				CLANG_ENABLE_OBJC_WEAK = YES;
				CLANG_WARN_BLOCK_CAPTURE_AUTORELEASING = YES;
				CLANG_WARN_BOOL_CONVERSION = YES;
				CLANG_WARN_COMMA = YES;
				CLANG_WARN_CONSTANT_CONVERSION = YES;
				CLANG_WARN_DEPRECATED_OBJC_IMPLEMENTATIONS = YES;
				CLANG_WARN_DIRECT_OBJC_ISA_USAGE = YES_ERROR;
				CLANG_WARN_DOCUMENTATION_COMMENTS = YES;
				CLANG_WARN_EMPTY_BODY = YES;
				CLANG_WARN_ENUM_CONVERSION = YES;
				CLANG_WARN_INFINITE_RECURSION = YES;
				CLANG_WARN_INT_CONVERSION = YES;
				CLANG_WARN_NON_LITERAL_NULL_CONVERSION = YES;
				CLANG_WARN_OBJC_IMPLICIT_RETAIN_SELF = YES;
				CLANG_WARN_OBJC_LITERAL_CONVERSION = YES;
				CLANG_WARN_OBJC_ROOT_CLASS = YES_ERROR;
				CLANG_WARN_QUOTED_INCLUDE_IN_FRAMEWORK_HEADER = YES;
				CLANG_WARN_RANGE_LOOP_ANALYSIS = YES;
				CLANG_WARN_STRICT_PROTOTYPES = YES;
				CLANG_WARN_SUSPICIOUS_MOVE = YES;
				CLANG_WARN_UNGUARDED_AVAILABILITY = YES_AGGRESSIVE;
				CLANG_WARN_UNREACHABLE_CODE = YES;
				CLANG_WARN__DUPLICATE_METHOD_MATCH = YES;
				COPY_PHASE_STRIP = NO;
				DEBUG_INFORMATION_FORMAT = "dwarf-with-dsym";
				ENABLE_NS_ASSERTIONS = NO;
				ENABLE_STRICT_OBJC_MSGSEND = YES;
				GCC_C_LANGUAGE_STANDARD = gnu11;
				GCC_NO_COMMON_BLOCKS = YES;
				GCC_WARN_64_TO_32_BIT_CONVERSION = YES;
				GCC_WARN_ABOUT_RETURN_TYPE = YES_ERROR;
				GCC_WARN_UNDECLARED_SELECTOR = YES;
				GCC_WARN_UNINITIALIZED_AUTOS = YES_AGGRESSIVE;
				GCC_WARN_UNUSED_FUNCTION = YES;
				GCC_WARN_UNUSED_VARIABLE = YES;
				IPHONEOS_DEPLOYMENT_TARGET = 16.2;
				MTL_ENABLE_DEBUG_INFO = NO;
				MTL_FAST_MATH = YES;
				SDKROOT = iphoneos;
				SWIFT_COMPILATION_MODE = wholemodule;
				SWIFT_OPTIMIZATION_LEVEL = "-O";
				VALIDATE_PRODUCT = YES;
			};
			name = Release;
		};
		3A82148929B07E1E00D1D9CB /* Debug */ = {
			isa = XCBuildConfiguration;
			buildSettings = {
				ASSETCATALOG_COMPILER_APPICON_NAME = AppIcon;
				ASSETCATALOG_COMPILER_GLOBAL_ACCENT_COLOR_NAME = AccentColor;
				CLANG_ENABLE_MODULES = YES;
				CODE_SIGN_STYLE = Automatic;
				CURRENT_PROJECT_VERSION = 1;
				DEVELOPMENT_TEAM = FKQ6M8JA2N;
				GENERATE_INFOPLIST_FILE = YES;
				INFOPLIST_FILE = "Treko-New/Info.plist";
				INFOPLIST_KEY_UIApplicationSupportsIndirectInputEvents = YES;
				INFOPLIST_KEY_UILaunchStoryboardName = LaunchScreen;
				INFOPLIST_KEY_UIMainStoryboardFile = Main;
				INFOPLIST_KEY_UISupportedInterfaceOrientations_iPad = "UIInterfaceOrientationPortrait UIInterfaceOrientationPortraitUpsideDown UIInterfaceOrientationLandscapeLeft UIInterfaceOrientationLandscapeRight";
				INFOPLIST_KEY_UISupportedInterfaceOrientations_iPhone = "UIInterfaceOrientationPortrait UIInterfaceOrientationLandscapeLeft UIInterfaceOrientationLandscapeRight";
				LD_RUNPATH_SEARCH_PATHS = (
					"$(inherited)",
					"@executable_path/Frameworks",
				);
				MARKETING_VERSION = 1.0;
				PRODUCT_BUNDLE_IDENTIFIER = "axone125.Treko-New";
				PRODUCT_NAME = "$(TARGET_NAME)";
				SWIFT_EMIT_LOC_STRINGS = YES;
				SWIFT_OBJC_BRIDGING_HEADER = "Treko-New/Treko-New-Bridging-Header.h";
				SWIFT_OPTIMIZATION_LEVEL = "-Onone";
				SWIFT_VERSION = 5.0;
				TARGETED_DEVICE_FAMILY = "1,2";
			};
			name = Debug;
		};
		3A82148A29B07E1E00D1D9CB /* Release */ = {
			isa = XCBuildConfiguration;
			buildSettings = {
				ASSETCATALOG_COMPILER_APPICON_NAME = AppIcon;
				ASSETCATALOG_COMPILER_GLOBAL_ACCENT_COLOR_NAME = AccentColor;
				CLANG_ENABLE_MODULES = YES;
				CODE_SIGN_STYLE = Automatic;
				CURRENT_PROJECT_VERSION = 1;
				DEVELOPMENT_TEAM = FKQ6M8JA2N;
				GENERATE_INFOPLIST_FILE = YES;
				INFOPLIST_FILE = "Treko-New/Info.plist";
				INFOPLIST_KEY_UIApplicationSupportsIndirectInputEvents = YES;
				INFOPLIST_KEY_UILaunchStoryboardName = LaunchScreen;
				INFOPLIST_KEY_UIMainStoryboardFile = Main;
				INFOPLIST_KEY_UISupportedInterfaceOrientations_iPad = "UIInterfaceOrientationPortrait UIInterfaceOrientationPortraitUpsideDown UIInterfaceOrientationLandscapeLeft UIInterfaceOrientationLandscapeRight";
				INFOPLIST_KEY_UISupportedInterfaceOrientations_iPhone = "UIInterfaceOrientationPortrait UIInterfaceOrientationLandscapeLeft UIInterfaceOrientationLandscapeRight";
				LD_RUNPATH_SEARCH_PATHS = (
					"$(inherited)",
					"@executable_path/Frameworks",
				);
				MARKETING_VERSION = 1.0;
				PRODUCT_BUNDLE_IDENTIFIER = "axone125.Treko-New";
				PRODUCT_NAME = "$(TARGET_NAME)";
				SWIFT_EMIT_LOC_STRINGS = YES;
				SWIFT_OBJC_BRIDGING_HEADER = "Treko-New/Treko-New-Bridging-Header.h";
				SWIFT_VERSION = 5.0;
				TARGETED_DEVICE_FAMILY = "1,2";
			};
			name = Release;
		};
/* End XCBuildConfiguration section */

/* Begin XCConfigurationList section */
		3A82146F29B07E1D00D1D9CB /* Build configuration list for PBXProject "Treko-New" */ = {
			isa = XCConfigurationList;
			buildConfigurations = (
				3A82148629B07E1E00D1D9CB /* Debug */,
				3A82148729B07E1E00D1D9CB /* Release */,
			);
			defaultConfigurationIsVisible = 0;
			defaultConfigurationName = Release;
		};
		3A82148829B07E1E00D1D9CB /* Build configuration list for PBXNativeTarget "Treko-New" */ = {
			isa = XCConfigurationList;
			buildConfigurations = (
				3A82148929B07E1E00D1D9CB /* Debug */,
				3A82148A29B07E1E00D1D9CB /* Release */,
			);
			defaultConfigurationIsVisible = 0;
			defaultConfigurationName = Release;
		};
/* End XCConfigurationList section */
	};
	rootObject = 3A82146C29B07E1D00D1D9CB /* Project object */;
}
