// !$*UTF8*$!
{
	archiveVersion = 1;
	classes = {
	};
	objectVersion = 56;
	objects = {

/* Begin PBXBuildFile section */
		3A08F69F29CA25E4001DDDB1 /* FeedTopTableViewCell.swift in Sources */ = {isa = PBXBuildFile; fileRef = 3A08F69E29CA25E4001DDDB1 /* FeedTopTableViewCell.swift */; };
		3A0B2A3F29CDA5B200A02EFB /* StoriesFeedTableViewCell.swift in Sources */ = {isa = PBXBuildFile; fileRef = 3A0B2A3E29CDA5B200A02EFB /* StoriesFeedTableViewCell.swift */; };
		3A0B2A4129CDA72B00A02EFB /* StoriesFeedCollectionViewCell.swift in Sources */ = {isa = PBXBuildFile; fileRef = 3A0B2A4029CDA72B00A02EFB /* StoriesFeedCollectionViewCell.swift */; };
		3A34AC3C29CA5E4700AF4B71 /* ExplorePageViewController.swift in Sources */ = {isa = PBXBuildFile; fileRef = 3A34AC3B29CA5E4700AF4B71 /* ExplorePageViewController.swift */; };
		3A34AC3E29CA6A5900AF4B71 /* CommentTableViewCell.swift in Sources */ = {isa = PBXBuildFile; fileRef = 3A34AC3D29CA6A5900AF4B71 /* CommentTableViewCell.swift */; };
		3A3DC96329D43AA2000E859E /* APICalls.swift in Sources */ = {isa = PBXBuildFile; fileRef = 3A3DC96229D43AA2000E859E /* APICalls.swift */; };
		3A3DC96529D44213000E859E /* LoginViewController.swift in Sources */ = {isa = PBXBuildFile; fileRef = 3A3DC96429D44213000E859E /* LoginViewController.swift */; };
		3A64D20A29C2CFA900C135F6 /* ChattingPage_TableViewCell.swift in Sources */ = {isa = PBXBuildFile; fileRef = 3A64D20929C2CFA900C135F6 /* ChattingPage_TableViewCell.swift */; };
		3A7BE3BD29D61E2A009FD890 /* TestStoryboard.storyboard in Resources */ = {isa = PBXBuildFile; fileRef = 3A7BE3BC29D61E2A009FD890 /* TestStoryboard.storyboard */; };
		3A7C0ACA29BF6D8F00DAD1E0 /* CaraouselViewController.swift in Sources */ = {isa = PBXBuildFile; fileRef = 3A7C0AC929BF6D8F00DAD1E0 /* CaraouselViewController.swift */; };
		3A82147829B07E1D00D1D9CB /* AppDelegate.swift in Sources */ = {isa = PBXBuildFile; fileRef = 3A82147729B07E1D00D1D9CB /* AppDelegate.swift */; };
		3A82147A29B07E1D00D1D9CB /* SceneDelegate.swift in Sources */ = {isa = PBXBuildFile; fileRef = 3A82147929B07E1D00D1D9CB /* SceneDelegate.swift */; };
		3A82147C29B07E1D00D1D9CB /* ViewController.swift in Sources */ = {isa = PBXBuildFile; fileRef = 3A82147B29B07E1D00D1D9CB /* ViewController.swift */; };
		3A82147F29B07E1D00D1D9CB /* Main.storyboard in Resources */ = {isa = PBXBuildFile; fileRef = 3A82147D29B07E1D00D1D9CB /* Main.storyboard */; };
		3A82148129B07E1E00D1D9CB /* Assets.xcassets in Resources */ = {isa = PBXBuildFile; fileRef = 3A82148029B07E1E00D1D9CB /* Assets.xcassets */; };
		3A82148429B07E1E00D1D9CB /* LaunchScreen.storyboard in Resources */ = {isa = PBXBuildFile; fileRef = 3A82148229B07E1E00D1D9CB /* LaunchScreen.storyboard */; };
		3AA4EC1929D28EBD00C7D446 /* DataForms.swift in Sources */ = {isa = PBXBuildFile; fileRef = 3AA4EC1829D28EBD00C7D446 /* DataForms.swift */; };
		3AACD58129BA65A600B96F54 /* ChatPageViewController.swift in Sources */ = {isa = PBXBuildFile; fileRef = 3AACD58029BA65A600B96F54 /* ChatPageViewController.swift */; };
		3AACD58429BB068500B96F54 /* ChatTableViewCell.swift in Sources */ = {isa = PBXBuildFile; fileRef = 3AACD58329BB068500B96F54 /* ChatTableViewCell.swift */; };
		3AB2681C29BDB457001926D5 /* ChatingPageViewController.swift in Sources */ = {isa = PBXBuildFile; fileRef = 3AB2681B29BDB457001926D5 /* ChatingPageViewController.swift */; };
		3AB2681E29BDBE44001926D5 /* FeedTableViewCell.swift in Sources */ = {isa = PBXBuildFile; fileRef = 3AB2681D29BDBE44001926D5 /* FeedTableViewCell.swift */; };
		3AE1423F29B6FAB20054EF91 /* ProfileViewController.swift in Sources */ = {isa = PBXBuildFile; fileRef = 3AE1423E29B6FAB20054EF91 /* ProfileViewController.swift */; };
		3AE1424129B6FACC0054EF91 /* FeedViewController.swift in Sources */ = {isa = PBXBuildFile; fileRef = 3AE1424029B6FACC0054EF91 /* FeedViewController.swift */; };
		3AEF893129C231A70034B82E /* Post_viewViewController.swift in Sources */ = {isa = PBXBuildFile; fileRef = 3AEF893029C231A70034B82E /* Post_viewViewController.swift */; };
		3AF80BB029C8776200E46C47 /* UserLoggedIn.swift in Sources */ = {isa = PBXBuildFile; fileRef = 3AF80BAF29C8776200E46C47 /* UserLoggedIn.swift */; };
		3AF9219329D72BF600DD2716 /* Cell1CollectionViewCell.swift in Sources */ = {isa = PBXBuildFile; fileRef = 3AF9219229D72BF600DD2716 /* Cell1CollectionViewCell.swift */; };
		3AF9219529D7742100DD2716 /* Cell2CollectionViewCell.swift in Sources */ = {isa = PBXBuildFile; fileRef = 3AF9219429D7742100DD2716 /* Cell2CollectionViewCell.swift */; };
		9939109D29CB0DE40097E2A5 /* OnboardingViewController.swift in Sources */ = {isa = PBXBuildFile; fileRef = 9939109C29CB0DE40097E2A5 /* OnboardingViewController.swift */; };
		9939109F29CB0E480097E2A5 /* OnboardingCollectionViewCell.swift in Sources */ = {isa = PBXBuildFile; fileRef = 9939109E29CB0E480097E2A5 /* OnboardingCollectionViewCell.swift */; };
		993E09DA29D54D3C0066B57B /* TrekViewController.swift in Sources */ = {isa = PBXBuildFile; fileRef = 993E09D929D54D3C0066B57B /* TrekViewController.swift */; };
		993E09DC29D5592E0066B57B /* TrekCollectionViewCell.swift in Sources */ = {isa = PBXBuildFile; fileRef = 993E09DB29D5592E0066B57B /* TrekCollectionViewCell.swift */; };
/* End PBXBuildFile section */

/* Begin PBXFileReference section */
		3A08F69E29CA25E4001DDDB1 /* FeedTopTableViewCell.swift */ = {isa = PBXFileReference; lastKnownFileType = sourcecode.swift; path = FeedTopTableViewCell.swift; sourceTree = "<group>"; };
		3A0B2A3E29CDA5B200A02EFB /* StoriesFeedTableViewCell.swift */ = {isa = PBXFileReference; lastKnownFileType = sourcecode.swift; path = StoriesFeedTableViewCell.swift; sourceTree = "<group>"; };
		3A0B2A4029CDA72B00A02EFB /* StoriesFeedCollectionViewCell.swift */ = {isa = PBXFileReference; lastKnownFileType = sourcecode.swift; path = StoriesFeedCollectionViewCell.swift; sourceTree = "<group>"; };
		3A34AC3B29CA5E4700AF4B71 /* ExplorePageViewController.swift */ = {isa = PBXFileReference; lastKnownFileType = sourcecode.swift; path = ExplorePageViewController.swift; sourceTree = "<group>"; };
		3A34AC3D29CA6A5900AF4B71 /* CommentTableViewCell.swift */ = {isa = PBXFileReference; lastKnownFileType = sourcecode.swift; path = CommentTableViewCell.swift; sourceTree = "<group>"; };
		3A3DC96229D43AA2000E859E /* APICalls.swift */ = {isa = PBXFileReference; lastKnownFileType = sourcecode.swift; path = APICalls.swift; sourceTree = "<group>"; };
		3A3DC96429D44213000E859E /* LoginViewController.swift */ = {isa = PBXFileReference; lastKnownFileType = sourcecode.swift; path = LoginViewController.swift; sourceTree = "<group>"; };
		3A64D20929C2CFA900C135F6 /* ChattingPage_TableViewCell.swift */ = {isa = PBXFileReference; lastKnownFileType = sourcecode.swift; path = ChattingPage_TableViewCell.swift; sourceTree = "<group>"; };
		3A7BE3BC29D61E2A009FD890 /* TestStoryboard.storyboard */ = {isa = PBXFileReference; lastKnownFileType = file.storyboard; path = TestStoryboard.storyboard; sourceTree = "<group>"; };
		3A7C0AC929BF6D8F00DAD1E0 /* CaraouselViewController.swift */ = {isa = PBXFileReference; lastKnownFileType = sourcecode.swift; path = CaraouselViewController.swift; sourceTree = "<group>"; };
		3A82147429B07E1D00D1D9CB /* Treko-New.app */ = {isa = PBXFileReference; explicitFileType = wrapper.application; includeInIndex = 0; path = "Treko-New.app"; sourceTree = BUILT_PRODUCTS_DIR; };
		3A82147729B07E1D00D1D9CB /* AppDelegate.swift */ = {isa = PBXFileReference; lastKnownFileType = sourcecode.swift; path = AppDelegate.swift; sourceTree = "<group>"; };
		3A82147929B07E1D00D1D9CB /* SceneDelegate.swift */ = {isa = PBXFileReference; lastKnownFileType = sourcecode.swift; path = SceneDelegate.swift; sourceTree = "<group>"; };
		3A82147B29B07E1D00D1D9CB /* ViewController.swift */ = {isa = PBXFileReference; lastKnownFileType = sourcecode.swift; path = ViewController.swift; sourceTree = "<group>"; };
		3A82147E29B07E1D00D1D9CB /* Base */ = {isa = PBXFileReference; lastKnownFileType = file.storyboard; name = Base; path = Base.lproj/Main.storyboard; sourceTree = "<group>"; };
		3A82148029B07E1E00D1D9CB /* Assets.xcassets */ = {isa = PBXFileReference; lastKnownFileType = folder.assetcatalog; path = Assets.xcassets; sourceTree = "<group>"; };
		3A82148329B07E1E00D1D9CB /* Base */ = {isa = PBXFileReference; lastKnownFileType = file.storyboard; name = Base; path = Base.lproj/LaunchScreen.storyboard; sourceTree = "<group>"; };
		3A82148529B07E1E00D1D9CB /* Info.plist */ = {isa = PBXFileReference; lastKnownFileType = text.plist.xml; path = Info.plist; sourceTree = "<group>"; };
		3AA4EC1829D28EBD00C7D446 /* DataForms.swift */ = {isa = PBXFileReference; lastKnownFileType = sourcecode.swift; path = DataForms.swift; sourceTree = "<group>"; };
		3AACD58029BA65A600B96F54 /* ChatPageViewController.swift */ = {isa = PBXFileReference; lastKnownFileType = sourcecode.swift; path = ChatPageViewController.swift; sourceTree = "<group>"; };
		3AACD58329BB068500B96F54 /* ChatTableViewCell.swift */ = {isa = PBXFileReference; lastKnownFileType = sourcecode.swift; path = ChatTableViewCell.swift; sourceTree = "<group>"; };
		3AB2681B29BDB457001926D5 /* ChatingPageViewController.swift */ = {isa = PBXFileReference; lastKnownFileType = sourcecode.swift; path = ChatingPageViewController.swift; sourceTree = "<group>"; };
		3AB2681D29BDBE44001926D5 /* FeedTableViewCell.swift */ = {isa = PBXFileReference; lastKnownFileType = sourcecode.swift; path = FeedTableViewCell.swift; sourceTree = "<group>"; };
		3AE1423E29B6FAB20054EF91 /* ProfileViewController.swift */ = {isa = PBXFileReference; lastKnownFileType = sourcecode.swift; path = ProfileViewController.swift; sourceTree = "<group>"; };
		3AE1424029B6FACC0054EF91 /* FeedViewController.swift */ = {isa = PBXFileReference; lastKnownFileType = sourcecode.swift; path = FeedViewController.swift; sourceTree = "<group>"; };
		3AEF893029C231A70034B82E /* Post_viewViewController.swift */ = {isa = PBXFileReference; lastKnownFileType = sourcecode.swift; path = Post_viewViewController.swift; sourceTree = "<group>"; };
		3AF80BAF29C8776200E46C47 /* UserLoggedIn.swift */ = {isa = PBXFileReference; lastKnownFileType = sourcecode.swift; path = UserLoggedIn.swift; sourceTree = "<group>"; };
		3AF9219229D72BF600DD2716 /* Cell1CollectionViewCell.swift */ = {isa = PBXFileReference; lastKnownFileType = sourcecode.swift; path = Cell1CollectionViewCell.swift; sourceTree = "<group>"; };
		3AF9219429D7742100DD2716 /* Cell2CollectionViewCell.swift */ = {isa = PBXFileReference; lastKnownFileType = sourcecode.swift; path = Cell2CollectionViewCell.swift; sourceTree = "<group>"; };
		9939109C29CB0DE40097E2A5 /* OnboardingViewController.swift */ = {isa = PBXFileReference; lastKnownFileType = sourcecode.swift; path = OnboardingViewController.swift; sourceTree = "<group>"; };
		9939109E29CB0E480097E2A5 /* OnboardingCollectionViewCell.swift */ = {isa = PBXFileReference; lastKnownFileType = sourcecode.swift; path = OnboardingCollectionViewCell.swift; sourceTree = "<group>"; };
		993E09D929D54D3C0066B57B /* TrekViewController.swift */ = {isa = PBXFileReference; lastKnownFileType = sourcecode.swift; path = TrekViewController.swift; sourceTree = "<group>"; };
		993E09DB29D5592E0066B57B /* TrekCollectionViewCell.swift */ = {isa = PBXFileReference; lastKnownFileType = sourcecode.swift; path = TrekCollectionViewCell.swift; sourceTree = "<group>"; };
/* End PBXFileReference section */

/* Begin PBXFrameworksBuildPhase section */
		3A82147129B07E1D00D1D9CB /* Frameworks */ = {
			isa = PBXFrameworksBuildPhase;
			buildActionMask = 2147483647;
			files = (
			);
			runOnlyForDeploymentPostprocessing = 0;
		};
/* End PBXFrameworksBuildPhase section */

/* Begin PBXGroup section */
		3A128EFA29B6F64600A0EC1D /* DataStructs */ = {
			isa = PBXGroup;
			children = (
				3AA4EC1829D28EBD00C7D446 /* DataForms.swift */,
			);
			path = DataStructs;
			sourceTree = "<group>";
		};
		3A128EFF29B6F90D00A0EC1D /* ViewControllers */ = {
			isa = PBXGroup;
			children = (
				3AE1423E29B6FAB20054EF91 /* ProfileViewController.swift */,
				3A34AC3B29CA5E4700AF4B71 /* ExplorePageViewController.swift */,
				3AB2681B29BDB457001926D5 /* ChatingPageViewController.swift */,
				3A3DC96429D44213000E859E /* LoginViewController.swift */,
				3AEF893029C231A70034B82E /* Post_viewViewController.swift */,
				3AACD58029BA65A600B96F54 /* ChatPageViewController.swift */,
				3AE1424029B6FACC0054EF91 /* FeedViewController.swift */,
				3A7C0AC929BF6D8F00DAD1E0 /* CaraouselViewController.swift */,
				9939109C29CB0DE40097E2A5 /* OnboardingViewController.swift */,
				993E09D929D54D3C0066B57B /* TrekViewController.swift */,
			);
			path = ViewControllers;
			sourceTree = "<group>";
		};
		3A34AC3829CA5DC300AF4B71 /* CollectionView */ = {
			isa = PBXGroup;
			children = (
				3AF9219129D72BC800DD2716 /* ExplorePage */,
				9939109E29CB0E480097E2A5 /* OnboardingCollectionViewCell.swift */,
				3A0B2A4029CDA72B00A02EFB /* StoriesFeedCollectionViewCell.swift */,
				993E09DB29D5592E0066B57B /* TrekCollectionViewCell.swift */,
			);
			path = CollectionView;
			sourceTree = "<group>";
		};
		3A7BE3BB29D61E03009FD890 /* Storyboards */ = {
			isa = PBXGroup;
			children = (
				3A7BE3BC29D61E2A009FD890 /* TestStoryboard.storyboard */,
			);
			path = Storyboards;
			sourceTree = "<group>";
		};
		3A82146B29B07E1D00D1D9CB = {
			isa = PBXGroup;
			children = (
				3A82147629B07E1D00D1D9CB /* Treko-New */,
				3A82147529B07E1D00D1D9CB /* Products */,
			);
			sourceTree = "<group>";
		};
		3A82147529B07E1D00D1D9CB /* Products */ = {
			isa = PBXGroup;
			children = (
				3A82147429B07E1D00D1D9CB /* Treko-New.app */,
			);
			name = Products;
			sourceTree = "<group>";
		};
		3A82147629B07E1D00D1D9CB /* Treko-New */ = {
			isa = PBXGroup;
			children = (
				3A7BE3BB29D61E03009FD890 /* Storyboards */,
				3A82147729B07E1D00D1D9CB /* AppDelegate.swift */,
				3A82147929B07E1D00D1D9CB /* SceneDelegate.swift */,
				3A128EFA29B6F64600A0EC1D /* DataStructs */,
				3A82147B29B07E1D00D1D9CB /* ViewController.swift */,
				3AF80BAE29C8771200E46C47 /* Service */,
				3A82147D29B07E1D00D1D9CB /* Main.storyboard */,
				3A128EFF29B6F90D00A0EC1D /* ViewControllers */,
				3A82148029B07E1E00D1D9CB /* Assets.xcassets */,
				3AACD58229BB065400B96F54 /* TableView */,
				3A82148229B07E1E00D1D9CB /* LaunchScreen.storyboard */,
				3A82148529B07E1E00D1D9CB /* Info.plist */,
				3A34AC3829CA5DC300AF4B71 /* CollectionView */,
			);
			path = "Treko-New";
			sourceTree = "<group>";
		};
		3AACD58229BB065400B96F54 /* TableView */ = {
			isa = PBXGroup;
			children = (
				3AACD58329BB068500B96F54 /* ChatTableViewCell.swift */,
				3A0B2A3E29CDA5B200A02EFB /* StoriesFeedTableViewCell.swift */,
				3A34AC3D29CA6A5900AF4B71 /* CommentTableViewCell.swift */,
				3A08F69E29CA25E4001DDDB1 /* FeedTopTableViewCell.swift */,
				3A64D20929C2CFA900C135F6 /* ChattingPage_TableViewCell.swift */,
				3AB2681D29BDBE44001926D5 /* FeedTableViewCell.swift */,
			);
			path = TableView;
			sourceTree = "<group>";
		};
		3AF80BAE29C8771200E46C47 /* Service */ = {
			isa = PBXGroup;
			children = (
				3AF80BAF29C8776200E46C47 /* UserLoggedIn.swift */,
				3A3DC96229D43AA2000E859E /* APICalls.swift */,
			);
			path = Service;
			sourceTree = "<group>";
		};
		3AF9219129D72BC800DD2716 /* ExplorePage */ = {
			isa = PBXGroup;
			children = (
				3AF9219229D72BF600DD2716 /* Cell1CollectionViewCell.swift */,
				3AF9219429D7742100DD2716 /* Cell2CollectionViewCell.swift */,
			);
			path = ExplorePage;
			sourceTree = "<group>";
		};
/* End PBXGroup section */

/* Begin PBXNativeTarget section */
		3A82147329B07E1D00D1D9CB /* Treko-New */ = {
			isa = PBXNativeTarget;
			buildConfigurationList = 3A82148829B07E1E00D1D9CB /* Build configuration list for PBXNativeTarget "Treko-New" */;
			buildPhases = (
				3A82147029B07E1D00D1D9CB /* Sources */,
				3A82147129B07E1D00D1D9CB /* Frameworks */,
				3A82147229B07E1D00D1D9CB /* Resources */,
			);
			buildRules = (
			);
			dependencies = (
			);
			name = "Treko-New";
			productName = "Treko-New";
			productReference = 3A82147429B07E1D00D1D9CB /* Treko-New.app */;
			productType = "com.apple.product-type.application";
		};
/* End PBXNativeTarget section */

/* Begin PBXProject section */
		3A82146C29B07E1D00D1D9CB /* Project object */ = {
			isa = PBXProject;
			attributes = {
				BuildIndependentTargetsInParallel = 1;
				LastSwiftUpdateCheck = 1420;
				LastUpgradeCheck = 1420;
				TargetAttributes = {
					3A82147329B07E1D00D1D9CB = {
						CreatedOnToolsVersion = 14.2;
						LastSwiftMigration = 1420;
					};
				};
			};
			buildConfigurationList = 3A82146F29B07E1D00D1D9CB /* Build configuration list for PBXProject "Treko-New" */;
			compatibilityVersion = "Xcode 14.0";
			developmentRegion = en;
			hasScannedForEncodings = 0;
			knownRegions = (
				en,
				Base,
			);
			mainGroup = 3A82146B29B07E1D00D1D9CB;
			productRefGroup = 3A82147529B07E1D00D1D9CB /* Products */;
			projectDirPath = "";
			projectRoot = "";
			targets = (
				3A82147329B07E1D00D1D9CB /* Treko-New */,
			);
		};
/* End PBXProject section */

/* Begin PBXResourcesBuildPhase section */
		3A82147229B07E1D00D1D9CB /* Resources */ = {
			isa = PBXResourcesBuildPhase;
			buildActionMask = 2147483647;
			files = (
				3A82148429B07E1E00D1D9CB /* LaunchScreen.storyboard in Resources */,
				3A7BE3BD29D61E2A009FD890 /* TestStoryboard.storyboard in Resources */,
				3A82148129B07E1E00D1D9CB /* Assets.xcassets in Resources */,
				3A82147F29B07E1D00D1D9CB /* Main.storyboard in Resources */,
			);
			runOnlyForDeploymentPostprocessing = 0;
		};
/* End PBXResourcesBuildPhase section */

/* Begin PBXSourcesBuildPhase section */
		3A82147029B07E1D00D1D9CB /* Sources */ = {
			isa = PBXSourcesBuildPhase;
			buildActionMask = 2147483647;
			files = (
				3A82147C29B07E1D00D1D9CB /* ViewController.swift in Sources */,
				3AA4EC1929D28EBD00C7D446 /* DataForms.swift in Sources */,
				3AB2681C29BDB457001926D5 /* ChatingPageViewController.swift in Sources */,
				3AE1424129B6FACC0054EF91 /* FeedViewController.swift in Sources */,
				3A34AC3C29CA5E4700AF4B71 /* ExplorePageViewController.swift in Sources */,
				3A82147829B07E1D00D1D9CB /* AppDelegate.swift in Sources */,
				3A82147A29B07E1D00D1D9CB /* SceneDelegate.swift in Sources */,
				3AACD58129BA65A600B96F54 /* ChatPageViewController.swift in Sources */,
				3A7C0ACA29BF6D8F00DAD1E0 /* CaraouselViewController.swift in Sources */,
				3AB2681E29BDBE44001926D5 /* FeedTableViewCell.swift in Sources */,
				3A0B2A3F29CDA5B200A02EFB /* StoriesFeedTableViewCell.swift in Sources */,
				3A3DC96329D43AA2000E859E /* APICalls.swift in Sources */,
				3AF9219329D72BF600DD2716 /* Cell1CollectionViewCell.swift in Sources */,
				3A3DC96529D44213000E859E /* LoginViewController.swift in Sources */,
				9939109D29CB0DE40097E2A5 /* OnboardingViewController.swift in Sources */,
				3A0B2A4129CDA72B00A02EFB /* StoriesFeedCollectionViewCell.swift in Sources */,
				3AF9219529D7742100DD2716 /* Cell2CollectionViewCell.swift in Sources */,
				993E09DA29D54D3C0066B57B /* TrekViewController.swift in Sources */,
				9939109F29CB0E480097E2A5 /* OnboardingCollectionViewCell.swift in Sources */,
				3A64D20A29C2CFA900C135F6 /* ChattingPage_TableViewCell.swift in Sources */,
				3A34AC3E29CA6A5900AF4B71 /* CommentTableViewCell.swift in Sources */,
				3AEF893129C231A70034B82E /* Post_viewViewController.swift in Sources */,
				3AE1423F29B6FAB20054EF91 /* ProfileViewController.swift in Sources */,
				993E09DC29D5592E0066B57B /* TrekCollectionViewCell.swift in Sources */,
				3A08F69F29CA25E4001DDDB1 /* FeedTopTableViewCell.swift in Sources */,
				3AACD58429BB068500B96F54 /* ChatTableViewCell.swift in Sources */,
				3AF80BB029C8776200E46C47 /* UserLoggedIn.swift in Sources */,
			);
			runOnlyForDeploymentPostprocessing = 0;
		};
/* End PBXSourcesBuildPhase section */

/* Begin PBXVariantGroup section */
		3A82147D29B07E1D00D1D9CB /* Main.storyboard */ = {
			isa = PBXVariantGroup;
			children = (
				3A82147E29B07E1D00D1D9CB /* Base */,
			);
			name = Main.storyboard;
			sourceTree = "<group>";
		};
		3A82148229B07E1E00D1D9CB /* LaunchScreen.storyboard */ = {
			isa = PBXVariantGroup;
			children = (
				3A82148329B07E1E00D1D9CB /* Base */,
			);
			name = LaunchScreen.storyboard;
			sourceTree = "<group>";
		};
/* End PBXVariantGroup section */

/* Begin XCBuildConfiguration section */
		3A82148629B07E1E00D1D9CB /* Debug */ = {
			isa = XCBuildConfiguration;
			buildSettings = {
				ALWAYS_SEARCH_USER_PATHS = NO;
				CLANG_ANALYZER_NONNULL = YES;
				CLANG_ANALYZER_NUMBER_OBJECT_CONVERSION = YES_AGGRESSIVE;
				CLANG_CXX_LANGUAGE_STANDARD = "gnu++20";
				CLANG_ENABLE_MODULES = YES;
				CLANG_ENABLE_OBJC_ARC = YES;
				CLANG_ENABLE_OBJC_WEAK = YES;
				CLANG_WARN_BLOCK_CAPTURE_AUTORELEASING = YES;
				CLANG_WARN_BOOL_CONVERSION = YES;
				CLANG_WARN_COMMA = YES;
				CLANG_WARN_CONSTANT_CONVERSION = YES;
				CLANG_WARN_DEPRECATED_OBJC_IMPLEMENTATIONS = YES;
				CLANG_WARN_DIRECT_OBJC_ISA_USAGE = YES_ERROR;
				CLANG_WARN_DOCUMENTATION_COMMENTS = YES;
				CLANG_WARN_EMPTY_BODY = YES;
				CLANG_WARN_ENUM_CONVERSION = YES;
				CLANG_WARN_INFINITE_RECURSION = YES;
				CLANG_WARN_INT_CONVERSION = YES;
				CLANG_WARN_NON_LITERAL_NULL_CONVERSION = YES;
				CLANG_WARN_OBJC_IMPLICIT_RETAIN_SELF = YES;
				CLANG_WARN_OBJC_LITERAL_CONVERSION = YES;
				CLANG_WARN_OBJC_ROOT_CLASS = YES_ERROR;
				CLANG_WARN_QUOTED_INCLUDE_IN_FRAMEWORK_HEADER = YES;
				CLANG_WARN_RANGE_LOOP_ANALYSIS = YES;
				CLANG_WARN_STRICT_PROTOTYPES = YES;
				CLANG_WARN_SUSPICIOUS_MOVE = YES;
				CLANG_WARN_UNGUARDED_AVAILABILITY = YES_AGGRESSIVE;
				CLANG_WARN_UNREACHABLE_CODE = YES;
				CLANG_WARN__DUPLICATE_METHOD_MATCH = YES;
				COPY_PHASE_STRIP = NO;
				DEBUG_INFORMATION_FORMAT = dwarf;
				ENABLE_STRICT_OBJC_MSGSEND = YES;
				ENABLE_TESTABILITY = YES;
				GCC_C_LANGUAGE_STANDARD = gnu11;
				GCC_DYNAMIC_NO_PIC = NO;
				GCC_NO_COMMON_BLOCKS = YES;
				GCC_OPTIMIZATION_LEVEL = 0;
				GCC_PREPROCESSOR_DEFINITIONS = (
					"DEBUG=1",
					"$(inherited)",
				);
				GCC_WARN_64_TO_32_BIT_CONVERSION = YES;
				GCC_WARN_ABOUT_RETURN_TYPE = YES_ERROR;
				GCC_WARN_UNDECLARED_SELECTOR = YES;
				GCC_WARN_UNINITIALIZED_AUTOS = YES_AGGRESSIVE;
				GCC_WARN_UNUSED_FUNCTION = YES;
				GCC_WARN_UNUSED_VARIABLE = YES;
				IPHONEOS_DEPLOYMENT_TARGET = 16.2;
				MTL_ENABLE_DEBUG_INFO = INCLUDE_SOURCE;
				MTL_FAST_MATH = YES;
				ONLY_ACTIVE_ARCH = YES;
				SDKROOT = iphoneos;
				SWIFT_ACTIVE_COMPILATION_CONDITIONS = DEBUG;
				SWIFT_OPTIMIZATION_LEVEL = "-Onone";
			};
			name = Debug;
		};
		3A82148729B07E1E00D1D9CB /* Release */ = {
			isa = XCBuildConfiguration;
			buildSettings = {
				ALWAYS_SEARCH_USER_PATHS = NO;
				CLANG_ANALYZER_NONNULL = YES;
				CLANG_ANALYZER_NUMBER_OBJECT_CONVERSION = YES_AGGRESSIVE;
				CLANG_CXX_LANGUAGE_STANDARD = "gnu++20";
				CLANG_ENABLE_MODULES = YES;
				CLANG_ENABLE_OBJC_ARC = YES;
				CLANG_ENABLE_OBJC_WEAK = YES;
				CLANG_WARN_BLOCK_CAPTURE_AUTORELEASING = YES;
				CLANG_WARN_BOOL_CONVERSION = YES;
				CLANG_WARN_COMMA = YES;
				CLANG_WARN_CONSTANT_CONVERSION = YES;
				CLANG_WARN_DEPRECATED_OBJC_IMPLEMENTATIONS = YES;
				CLANG_WARN_DIRECT_OBJC_ISA_USAGE = YES_ERROR;
				CLANG_WARN_DOCUMENTATION_COMMENTS = YES;
				CLANG_WARN_EMPTY_BODY = YES;
				CLANG_WARN_ENUM_CONVERSION = YES;
				CLANG_WARN_INFINITE_RECURSION = YES;
				CLANG_WARN_INT_CONVERSION = YES;
				CLANG_WARN_NON_LITERAL_NULL_CONVERSION = YES;
				CLANG_WARN_OBJC_IMPLICIT_RETAIN_SELF = YES;
				CLANG_WARN_OBJC_LITERAL_CONVERSION = YES;
				CLANG_WARN_OBJC_ROOT_CLASS = YES_ERROR;
				CLANG_WARN_QUOTED_INCLUDE_IN_FRAMEWORK_HEADER = YES;
				CLANG_WARN_RANGE_LOOP_ANALYSIS = YES;
				CLANG_WARN_STRICT_PROTOTYPES = YES;
				CLANG_WARN_SUSPICIOUS_MOVE = YES;
				CLANG_WARN_UNGUARDED_AVAILABILITY = YES_AGGRESSIVE;
				CLANG_WARN_UNREACHABLE_CODE = YES;
				CLANG_WARN__DUPLICATE_METHOD_MATCH = YES;
				COPY_PHASE_STRIP = NO;
				DEBUG_INFORMATION_FORMAT = "dwarf-with-dsym";
				ENABLE_NS_ASSERTIONS = NO;
				ENABLE_STRICT_OBJC_MSGSEND = YES;
				GCC_C_LANGUAGE_STANDARD = gnu11;
				GCC_NO_COMMON_BLOCKS = YES;
				GCC_WARN_64_TO_32_BIT_CONVERSION = YES;
				GCC_WARN_ABOUT_RETURN_TYPE = YES_ERROR;
				GCC_WARN_UNDECLARED_SELECTOR = YES;
				GCC_WARN_UNINITIALIZED_AUTOS = YES_AGGRESSIVE;
				GCC_WARN_UNUSED_FUNCTION = YES;
				GCC_WARN_UNUSED_VARIABLE = YES;
				IPHONEOS_DEPLOYMENT_TARGET = 16.2;
				MTL_ENABLE_DEBUG_INFO = NO;
				MTL_FAST_MATH = YES;
				SDKROOT = iphoneos;
				SWIFT_COMPILATION_MODE = wholemodule;
				SWIFT_OPTIMIZATION_LEVEL = "-O";
				VALIDATE_PRODUCT = YES;
			};
			name = Release;
		};
		3A82148929B07E1E00D1D9CB /* Debug */ = {
			isa = XCBuildConfiguration;
			buildSettings = {
				ASSETCATALOG_COMPILER_APPICON_NAME = AppIcon;
				ASSETCATALOG_COMPILER_GLOBAL_ACCENT_COLOR_NAME = AccentColor;
				CLANG_ENABLE_MODULES = YES;
				CODE_SIGN_STYLE = Automatic;
				CURRENT_PROJECT_VERSION = 1;
				DEVELOPMENT_TEAM = FKQ6M8JA2N;
				GENERATE_INFOPLIST_FILE = YES;
				INFOPLIST_FILE = "Treko-New/Info.plist";
				INFOPLIST_KEY_UIApplicationSupportsIndirectInputEvents = YES;
				INFOPLIST_KEY_UILaunchStoryboardName = LaunchScreen;
				INFOPLIST_KEY_UIMainStoryboardFile = Main;
				INFOPLIST_KEY_UISupportedInterfaceOrientations_iPad = "UIInterfaceOrientationPortrait UIInterfaceOrientationPortraitUpsideDown UIInterfaceOrientationLandscapeLeft UIInterfaceOrientationLandscapeRight";
				INFOPLIST_KEY_UISupportedInterfaceOrientations_iPhone = "UIInterfaceOrientationPortrait UIInterfaceOrientationLandscapeLeft UIInterfaceOrientationLandscapeRight";
				LD_RUNPATH_SEARCH_PATHS = (
					"$(inherited)",
					"@executable_path/Frameworks",
				);
				MARKETING_VERSION = 1.0;
				PRODUCT_BUNDLE_IDENTIFIER = "axone125.Treko-New";
				PRODUCT_NAME = "$(TARGET_NAME)";
				SWIFT_EMIT_LOC_STRINGS = YES;
				SWIFT_OBJC_BRIDGING_HEADER = "Treko-New/Treko-New-Bridging-Header.h";
				SWIFT_OPTIMIZATION_LEVEL = "-Onone";
				SWIFT_VERSION = 5.0;
				TARGETED_DEVICE_FAMILY = "1,2";
			};
			name = Debug;
		};
		3A82148A29B07E1E00D1D9CB /* Release */ = {
			isa = XCBuildConfiguration;
			buildSettings = {
				ASSETCATALOG_COMPILER_APPICON_NAME = AppIcon;
				ASSETCATALOG_COMPILER_GLOBAL_ACCENT_COLOR_NAME = AccentColor;
				CLANG_ENABLE_MODULES = YES;
				CODE_SIGN_STYLE = Automatic;
				CURRENT_PROJECT_VERSION = 1;
				DEVELOPMENT_TEAM = FKQ6M8JA2N;
				GENERATE_INFOPLIST_FILE = YES;
				INFOPLIST_FILE = "Treko-New/Info.plist";
				INFOPLIST_KEY_UIApplicationSupportsIndirectInputEvents = YES;
				INFOPLIST_KEY_UILaunchStoryboardName = LaunchScreen;
				INFOPLIST_KEY_UIMainStoryboardFile = Main;
				INFOPLIST_KEY_UISupportedInterfaceOrientations_iPad = "UIInterfaceOrientationPortrait UIInterfaceOrientationPortraitUpsideDown UIInterfaceOrientationLandscapeLeft UIInterfaceOrientationLandscapeRight";
				INFOPLIST_KEY_UISupportedInterfaceOrientations_iPhone = "UIInterfaceOrientationPortrait UIInterfaceOrientationLandscapeLeft UIInterfaceOrientationLandscapeRight";
				LD_RUNPATH_SEARCH_PATHS = (
					"$(inherited)",
					"@executable_path/Frameworks",
				);
				MARKETING_VERSION = 1.0;
				PRODUCT_BUNDLE_IDENTIFIER = "axone125.Treko-New";
				PRODUCT_NAME = "$(TARGET_NAME)";
				SWIFT_EMIT_LOC_STRINGS = YES;
				SWIFT_OBJC_BRIDGING_HEADER = "Treko-New/Treko-New-Bridging-Header.h";
				SWIFT_VERSION = 5.0;
				TARGETED_DEVICE_FAMILY = "1,2";
			};
			name = Release;
		};
/* End XCBuildConfiguration section */

/* Begin XCConfigurationList section */
		3A82146F29B07E1D00D1D9CB /* Build configuration list for PBXProject "Treko-New" */ = {
			isa = XCConfigurationList;
			buildConfigurations = (
				3A82148629B07E1E00D1D9CB /* Debug */,
				3A82148729B07E1E00D1D9CB /* Release */,
			);
			defaultConfigurationIsVisible = 0;
			defaultConfigurationName = Release;
		};
		3A82148829B07E1E00D1D9CB /* Build configuration list for PBXNativeTarget "Treko-New" */ = {
			isa = XCConfigurationList;
			buildConfigurations = (
				3A82148929B07E1E00D1D9CB /* Debug */,
				3A82148A29B07E1E00D1D9CB /* Release */,
			);
			defaultConfigurationIsVisible = 0;
			defaultConfigurationName = Release;
		};
/* End XCConfigurationList section */
	};
	rootObject = 3A82146C29B07E1D00D1D9CB /* Project object */;
}
